
Microsoft Visual Studio Solution File, Format Version 12.00
# Visual Studio Version 17
VisualStudioVersion = 17.3.32825.248
MinimumVisualStudioVersion = 10.0.40219.1
Project("{9A19103F-16F7-4668-BE54-9A1E7A4F7556}") = "PDFToImage", "PDFToImage\PDFToImage.csproj", "{43E8348C-9C02-47C9-84B7-F7BBF3F42D60}"
EndProject
Global
	GlobalSection(SolutionConfigurationPlatforms) = preSolution
		Debug|Any CPU = Debug|Any CPU
		Release|Any CPU = Release|Any CPU
	EndGlobalSection
	GlobalSection(ProjectConfigurationPlatforms) = postSolution
		{43E8348C-9C02-47C9-84B7-F7BBF3F42D60}.Debug|Any CPU.ActiveCfg = Debug|Any CPU
		{43E8348C-9C02-47C9-84B7-F7BBF3F42D60}.Debug|Any CPU.Build.0 = Debug|Any CPU
		{43E8348C-9C02-47C9-84B7-F7BBF3F42D60}.Release|Any CPU.ActiveCfg = Release|Any CPU
		{43E8348C-9C02-47C9-84B7-F7BBF3F42D60}.Release|Any CPU.Build.0 = Release|Any CPU
	EndGlobalSection
	GlobalSection(SolutionProperties) = preSolution
		HideSolutionNode = FALSE
	EndGlobalSection
	GlobalSection(ExtensibilityGlobals) = postSolution
		SolutionGuid = {26783517-1D6C-4953-83D5-CA09FC775ADF}
	EndGlobalSection
EndGlobal
